
Microsoft Visual Studio Solution File, Format Version 12.00
# Visual Studio Version 17
VisualStudioVersion = 17.2.32630.192
MinimumVisualStudioVersion = 10.0.40219.1
Project("{9A19103F-16F7-4668-BE54-9A1E7A4F7556}") = "Patient Managment System", "Patient Managment System\Patient Managment System.csproj", "{58401E6F-D0F7-4514-A0D9-49CD6DA8915C}"
EndProject
Project("{2150E333-8FDC-42A3-9474-1A3956D46DE8}") = "Solution Items", "Solution Items", "{B65E1B13-B80D-4E62-9458-8484EC3FB886}"
	ProjectSection(SolutionItems) = preProject
		.editorconfig = .editorconfig
	EndProjectSection
EndProject
Global
	GlobalSection(SolutionConfigurationPlatforms) = preSolution
		Debug|Any CPU = Debug|Any CPU
		Release|Any CPU = Release|Any CPU
	EndGlobalSection
	GlobalSection(ProjectConfigurationPlatforms) = postSolution
		{58401E6F-D0F7-4514-A0D9-49CD6DA8915C}.Debug|Any CPU.ActiveCfg = Debug|Any CPU
		{58401E6F-D0F7-4514-A0D9-49CD6DA8915C}.Debug|Any CPU.Build.0 = Debug|Any CPU
		{58401E6F-D0F7-4514-A0D9-49CD6DA8915C}.Release|Any CPU.ActiveCfg = Release|Any CPU
		{58401E6F-D0F7-4514-A0D9-49CD6DA8915C}.Release|Any CPU.Build.0 = Release|Any CPU
	EndGlobalSection
	GlobalSection(SolutionProperties) = preSolution
		HideSolutionNode = FALSE
	EndGlobalSection
	GlobalSection(ExtensibilityGlobals) = postSolution
		SolutionGuid = {89EBD61B-61D2-4C9C-929D-FD0DD385F75E}
	EndGlobalSection
EndGlobal
